
Microsoft Visual Studio Solution File, Format Version 12.00
# Visual Studio Version 16
VisualStudioVersion = 16.0.30804.86
MinimumVisualStudioVersion = 10.0.40219.1
Project("{FAE04EC0-301F-11D3-BF4B-00C04F79EFBC}") = "CSV-to-SQL", "CSV-to-SQL.csproj", "{5373F1CE-D0A0-45F2-8112-57056AD047EC}"
EndProject
Global
	GlobalSection(SolutionConfigurationPlatforms) = preSolution
		Debug|Any CPU = Debug|Any CPU
		Release|Any CPU = Release|Any CPU
	EndGlobalSection
	GlobalSection(ProjectConfigurationPlatforms) = postSolution
		{5373F1CE-D0A0-45F2-8112-57056AD047EC}.Debug|Any CPU.ActiveCfg = Debug|Any CPU
		{5373F1CE-D0A0-45F2-8112-57056AD047EC}.Debug|Any CPU.Build.0 = Debug|Any CPU
		{5373F1CE-D0A0-45F2-8112-57056AD047EC}.Release|Any CPU.ActiveCfg = Release|Any CPU
		{5373F1CE-D0A0-45F2-8112-57056AD047EC}.Release|Any CPU.Build.0 = Release|Any CPU
	EndGlobalSection
	GlobalSection(SolutionProperties) = preSolution
		HideSolutionNode = FALSE
	EndGlobalSection
	GlobalSection(ExtensibilityGlobals) = postSolution
		SolutionGuid = {0F71DB46-1606-40B1-92B6-3BE1DCC42FC7}
	EndGlobalSection
EndGlobal
